<?xml version="1.0" encoding="utf-8"?>
<Project ToolsVersion="4.0" xmlns="http://schemas.microsoft.com/developer/msbuild/2003">
  <ItemGroup>
    <Filter Include="Source Files">
      <UniqueIdentifier>{4FC737F1-C7A5-4376-A066-2A32D752A2FF}</UniqueIdentifier>
      <Extensions>cpp;c;cc;cxx;c++;cppm;ixx;def;odl;idl;hpj;bat;asm;asmx</Extensions>
    </Filter>
    <Filter Include="Header Files">
      <UniqueIdentifier>{93995380-89BD-4b04-88EB-625FBE52EBFB}</UniqueIdentifier>
      <Extensions>h;hh;hpp;hxx;h++;hm;inl;inc;ipp;xsd</Extensions>
    </Filter>
    <Filter Include="Resource Files">
      <UniqueIdentifier>{67DA6AB6-F800-4c08-8B7A-83BB121AAD01}</UniqueIdentifier>
      <Extensions>rc;ico;cur;bmp;dlg;rc2;rct;bin;rgs;gif;jpg;jpeg;jpe;resx;tiff;tif;png;wav;mfcribbon-ms</Extensions>
    </Filter>
  </ItemGroup>
  <ItemGroup>
    <ClCompile Include="Backend\Demo.cpp">
      <Filter>Source Files</Filter>
    </ClCompile>
    <ClCompile Include="Backend\Graphics.cpp">
      <Filter>Source Files</Filter>
    </ClCompile>
    <ClCompile Include="Components\GameComponent.cpp">
      <Filter>Source Files</Filter>
    </ClCompile>
    <ClCompile Include="Backend\ObjectPool.cpp">
      <Filter>Source Files</Filter>
    </ClCompile>
    <ClCompile Include="Backend\GameObject.cpp">
      <Filter>Source Files</Filter>
    </ClCompile>
    <ClCompile Include="Components\Camera.cpp">
      <Filter>Source Files</Filter>
    </ClCompile>
    <ClCompile Include="Components\ModelComponent.cpp">
      <Filter>Source Files</Filter>
    </ClCompile>
    <ClCompile Include="Utils\Input.cpp">
      <Filter>Source Files</Filter>
    </ClCompile>
    <ClCompile Include="Utils\Animator.cpp">
      <Filter>Source Files</Filter>
    </ClCompile>
    <ClCompile Include="Components\AnimatedSpriteComponent.cpp">
      <Filter>Source Files</Filter>
    </ClCompile>
  </ItemGroup>
  <ItemGroup>
    <ClInclude Include="Backend\Demo.h">
      <Filter>Header Files</Filter>
    </ClInclude>
    <ClInclude Include="Backend\Graphics.h">
      <Filter>Header Files</Filter>
    </ClInclude>
    <ClInclude Include="Components\GameComponent.h">
      <Filter>Header Files</Filter>
    </ClInclude>
    <ClInclude Include="Utils\Random.h">
      <Filter>Header Files</Filter>
    </ClInclude>
    <ClInclude Include="Utils\Time.h">
      <Filter>Header Files</Filter>
    </ClInclude>
    <ClInclude Include="Backend\ObjectPool.h">
      <Filter>Header Files</Filter>
    </ClInclude>
    <ClInclude Include="Backend\GameObject.h">
      <Filter>Header Files</Filter>
    </ClInclude>
    <ClInclude Include="Utils\RTTI.h">
      <Filter>Header Files</Filter>
    </ClInclude>
    <ClInclude Include="Components\FPSComponent.h">
      <Filter>Header Files</Filter>
    </ClInclude>
    <ClInclude Include="Components\ModelComponent.h">
      <Filter>Header Files</Filter>
    </ClInclude>
    <ClInclude Include="Components\Camera.h">
      <Filter>Header Files</Filter>
    </ClInclude>
    <ClInclude Include="Components\TextComponent.h">
      <Filter>Header Files</Filter>
    </ClInclude>
    <ClInclude Include="resource.h">
      <Filter>Header Files</Filter>
    </ClInclude>
    <ClInclude Include="Components\SpriteComponent.h">
      <Filter>Header Files</Filter>
    </ClInclude>
    <ClInclude Include="Utils\RenderStateHelper.h">
      <Filter>Header Files</Filter>
    </ClInclude>
    <ClInclude Include="Utils\Input.h">
      <Filter>Header Files</Filter>
    </ClInclude>
    <ClInclude Include="Utils\Model.h">
      <Filter>Header Files</Filter>
    </ClInclude>
    <ClInclude Include="Utils\Mesh.h">
      <Filter>Header Files</Filter>
    </ClInclude>
    <ClInclude Include="Utils\Animator.h">
      <Filter>Header Files</Filter>
    </ClInclude>
    <ClInclude Include="Components\AnimatedSpriteComponent.h">
      <Filter>Header Files</Filter>
    </ClInclude>
  </ItemGroup>
  <ItemGroup>
    <ResourceCompile Include="Engine.rc">
      <Filter>Resource Files</Filter>
    </ResourceCompile>
  </ItemGroup>
  <ItemGroup>
    <Image Include="..\..\Resources\Textures\AppIcon.ico">
      <Filter>Resource Files</Filter>
    </Image>
  </ItemGroup>
  <ItemGroup>
    <None Include="..\..\Resources\Effects\BasicEffect.fx" />
    <None Include="ClassDiagram.cd" />
  </ItemGroup>
</Project>